// !$*UTF8*$!
{
	archiveVersion = 1;
	classes = {
	};
	objectVersion = 46;
	objects = {

/* Begin PBXBuildFile section */
		2917CF9C161389D4003ED634 /* JButton.m in Sources */ = {isa = PBXBuildFile; fileRef = 2917CF9B161389D4003ED634 /* JButton.m */; };
		2959BF4B1611F099007D6148 /* Helpers.m in Sources */ = {isa = PBXBuildFile; fileRef = 2959BF4A1611F099007D6148 /* Helpers.m */; };
		2970DCCC15F78C8F0038C54B /* ItemCellView.m in Sources */ = {isa = PBXBuildFile; fileRef = 2970DCCB15F78C8F0038C54B /* ItemCellView.m */; };
		2970DCD415F78DF80038C54B /* GravatarHelper.m in Sources */ = {isa = PBXBuildFile; fileRef = 2970DCD315F78DF80038C54B /* GravatarHelper.m */; };
		2970DCD715F793C20038C54B /* NSDate+RailsDateParser.m in Sources */ = {isa = PBXBuildFile; fileRef = 2970DCD615F793C20038C54B /* NSDate+RailsDateParser.m */; };
		2970DCDB15F794050038C54B /* SORelativeDateTransformer.m in Sources */ = {isa = PBXBuildFile; fileRef = 2970DCD915F794050038C54B /* SORelativeDateTransformer.m */; settings = {COMPILER_FLAGS = "-fno-objc-arc"; }; };
		2970DCDC15F794050038C54B /* SORelativeDateTransformer.bundle in Resources */ = {isa = PBXBuildFile; fileRef = 2970DCDA15F794050038C54B /* SORelativeDateTransformer.bundle */; };
		2970DCF115F7A3610038C54B /* NSString+BackslashEscape.m in Sources */ = {isa = PBXBuildFile; fileRef = 2970DCF015F7A3600038C54B /* NSString+BackslashEscape.m */; };
		2970DCFB15F7BA520038C54B /* LoginWindow.m in Sources */ = {isa = PBXBuildFile; fileRef = 2970DCFA15F7BA520038C54B /* LoginWindow.m */; };
		297B3B4D15F94A340093B5EC /* QuartzCore.framework in Frameworks */ = {isa = PBXBuildFile; fileRef = 297B3B4C15F94A340093B5EC /* QuartzCore.framework */; };
		297B3B5415F94A600093B5EC /* PullToRefreshClipView.m in Sources */ = {isa = PBXBuildFile; fileRef = 297B3B5015F94A600093B5EC /* PullToRefreshClipView.m */; };
		297B3B5515F94A600093B5EC /* PullToRefreshScrollView.m in Sources */ = {isa = PBXBuildFile; fileRef = 297B3B5315F94A600093B5EC /* PullToRefreshScrollView.m */; };
		2989310C16137DB10022DE7F /* JImageView.m in Sources */ = {isa = PBXBuildFile; fileRef = 2989310B16137DB10022DE7F /* JImageView.m */; };
		29908EB8161088030088792B /* INAppStoreWindow.m in Sources */ = {isa = PBXBuildFile; fileRef = 29908EB7161088030088792B /* INAppStoreWindow.m */; settings = {COMPILER_FLAGS = "-fno-objc-arc"; }; };
		29908EBC16108CA80088792B /* MentionsViewController.m in Sources */ = {isa = PBXBuildFile; fileRef = 29908EBB16108CA80088792B /* MentionsViewController.m */; };
		29908EBE16108CB90088792B /* MentionsViewController.xib in Resources */ = {isa = PBXBuildFile; fileRef = 29908EBD16108CB90088792B /* MentionsViewController.xib */; };
		299BB4F2160E796100898A7C /* loggedIn.aiff in Resources */ = {isa = PBXBuildFile; fileRef = 299BB4F1160E796100898A7C /* loggedIn.aiff */; };
		29A0D75616132C0B0006A88C /* Sparkle.framework in Frameworks */ = {isa = PBXBuildFile; fileRef = 29A0D75516132C0B0006A88C /* Sparkle.framework */; };
		29A0D75916132C520006A88C /* Sparkle.framework in CopyFiles */ = {isa = PBXBuildFile; fileRef = 29A0D75516132C0B0006A88C /* Sparkle.framework */; };
		29A0D75B16132D1E0006A88C /* dsa_pub.pem in Resources */ = {isa = PBXBuildFile; fileRef = 29A0D75A16132D1E0006A88C /* dsa_pub.pem */; };
		29C8B7AC161A0C9E00D941AF /* UsersListWindowController.m in Sources */ = {isa = PBXBuildFile; fileRef = 29C8B7AB161A0C9E00D941AF /* UsersListWindowController.m */; };
		29C8B7AF161A0CAB00D941AF /* UsersListWindow.xib in Resources */ = {isa = PBXBuildFile; fileRef = 29C8B7AE161A0CAB00D941AF /* UsersListWindow.xib */; };
		29C8B7B3161A1E7100D941AF /* PostsWindowController.m in Sources */ = {isa = PBXBuildFile; fileRef = 29C8B7B1161A1E7100D941AF /* PostsWindowController.m */; };
		29C8B7B4161A1E7100D941AF /* PostsWindow.xib in Resources */ = {isa = PBXBuildFile; fileRef = 29C8B7B2161A1E7100D941AF /* PostsWindow.xib */; };
		29CDE7FB161FC21800353629 /* SelfItemCellView.m in Sources */ = {isa = PBXBuildFile; fileRef = 29CDE7FA161FC21800353629 /* SelfItemCellView.m */; };
		29CDE7FF161FC22A00353629 /* SelfPicCellView.m in Sources */ = {isa = PBXBuildFile; fileRef = 29CDE7FE161FC22A00353629 /* SelfPicCellView.m */; };
		29CDE807161FCCB700353629 /* EditProfileWindowController.m in Sources */ = {isa = PBXBuildFile; fileRef = 29CDE805161FCCB700353629 /* EditProfileWindowController.m */; };
		29CDE808161FCCB700353629 /* EditProfileWindowController.xib in Resources */ = {isa = PBXBuildFile; fileRef = 29CDE806161FCCB700353629 /* EditProfileWindowController.xib */; };
		29D67AB8160F3DCC00EE503D /* FilterNone.png in Resources */ = {isa = PBXBuildFile; fileRef = 29D67AB5160F3DCC00EE503D /* FilterNone.png */; };
		29D67AB9160F3DCC00EE503D /* FilterStarred.png in Resources */ = {isa = PBXBuildFile; fileRef = 29D67AB6160F3DCC00EE503D /* FilterStarred.png */; };
		29D67ABA160F3DCC00EE503D /* FilterUnread.png in Resources */ = {isa = PBXBuildFile; fileRef = 29D67AB7160F3DCC00EE503D /* FilterUnread.png */; };
		29D6BEBD160E6F2900282B2B /* blueLetter.tif in Resources */ = {isa = PBXBuildFile; fileRef = 29D6BEBC160E6F2900282B2B /* blueLetter.tif */; };
		29D715A5160E499C00E71C00 /* PicCellView.m in Sources */ = {isa = PBXBuildFile; fileRef = 29D715A4160E499C00E71C00 /* PicCellView.m */; };
		29D715AD160E55A400E71C00 /* QuickLook.framework in Frameworks */ = {isa = PBXBuildFile; fileRef = 29D715AC160E55A400E71C00 /* QuickLook.framework */; };
		29D715AF160E58FF00E71C00 /* Quartz.framework in Frameworks */ = {isa = PBXBuildFile; fileRef = 29D715AE160E58FF00E71C00 /* Quartz.framework */; };
		29D9F59A160D09DE00E80710 /* pull-to-refresh-arrow.png in Resources */ = {isa = PBXBuildFile; fileRef = 29D9F598160D09DE00E80710 /* pull-to-refresh-arrow.png */; };
		29D9F59B160D09DE00E80710 /* release-to-refresh.png in Resources */ = {isa = PBXBuildFile; fileRef = 29D9F599160D09DE00E80710 /* release-to-refresh.png */; };
		29E9872D1614BFAF00DA0732 /* UsersViewController.m in Sources */ = {isa = PBXBuildFile; fileRef = 29E9872C1614BFAF00DA0732 /* UsersViewController.m */; };
		29E987301614BFCF00DA0732 /* UsersViewController.xib in Resources */ = {isa = PBXBuildFile; fileRef = 29E9872F1614BFCF00DA0732 /* UsersViewController.xib */; };
		29E987331614C03900DA0732 /* UsersCellView.m in Sources */ = {isa = PBXBuildFile; fileRef = 29E987321614C03900DA0732 /* UsersCellView.m */; };
		29EBBB2B15F7C126002221FF /* LoginWindow.xib in Resources */ = {isa = PBXBuildFile; fileRef = 29EBBB2A15F7C126002221FF /* LoginWindow.xib */; };
		29EBBB3315F7CFEB002221FF /* Jukaela.icns in Resources */ = {isa = PBXBuildFile; fileRef = 29EBBB3215F7CFEB002221FF /* Jukaela.icns */; };
		29EBBB3615F7D4EB002221FF /* PreferencesWindow.m in Sources */ = {isa = PBXBuildFile; fileRef = 29EBBB3515F7D4EB002221FF /* PreferencesWindow.m */; };
		29EBBB3815F7D4FC002221FF /* PreferencesWindow.xib in Resources */ = {isa = PBXBuildFile; fileRef = 29EBBB3715F7D4FC002221FF /* PreferencesWindow.xib */; };
		29EBBB3A15F7DA26002221FF /* Social.framework in Frameworks */ = {isa = PBXBuildFile; fileRef = 29EBBB3915F7DA26002221FF /* Social.framework */; };
		29EBBB3C15F7DA3B002221FF /* Accounts.framework in Frameworks */ = {isa = PBXBuildFile; fileRef = 29EBBB3B15F7DA3B002221FF /* Accounts.framework */; };
		29F4CEE0160E401300174AF6 /* TMHTTPClient.m in Sources */ = {isa = PBXBuildFile; fileRef = 29F4CEDA160E401300174AF6 /* TMHTTPClient.m */; settings = {COMPILER_FLAGS = "-fno-objc-arc"; }; };
		29F4CEE1160E401300174AF6 /* TMHTTPRequest.m in Sources */ = {isa = PBXBuildFile; fileRef = 29F4CEDC160E401300174AF6 /* TMHTTPRequest.m */; settings = {COMPILER_FLAGS = "-fno-objc-arc"; }; };
		29F4CEE2160E401300174AF6 /* TMImgurUploader.m in Sources */ = {isa = PBXBuildFile; fileRef = 29F4CEDE160E401300174AF6 /* TMImgurUploader.m */; settings = {COMPILER_FLAGS = "-fno-objc-arc"; }; };
		29F51A7D15F6A9F4009CE9C8 /* Cocoa.framework in Frameworks */ = {isa = PBXBuildFile; fileRef = 29F51A7C15F6A9F4009CE9C8 /* Cocoa.framework */; };
		29F51A8715F6A9F4009CE9C8 /* InfoPlist.strings in Resources */ = {isa = PBXBuildFile; fileRef = 29F51A8515F6A9F4009CE9C8 /* InfoPlist.strings */; };
		29F51A8915F6A9F4009CE9C8 /* main.m in Sources */ = {isa = PBXBuildFile; fileRef = 29F51A8815F6A9F4009CE9C8 /* main.m */; };
		29F51A8D15F6A9F4009CE9C8 /* Credits.rtf in Resources */ = {isa = PBXBuildFile; fileRef = 29F51A8B15F6A9F4009CE9C8 /* Credits.rtf */; };
		29F51A9015F6A9F4009CE9C8 /* AppDelegate.m in Sources */ = {isa = PBXBuildFile; fileRef = 29F51A8F15F6A9F4009CE9C8 /* AppDelegate.m */; };
		29F51A9315F6A9F5009CE9C8 /* MainMenu.xib in Resources */ = {isa = PBXBuildFile; fileRef = 29F51A9115F6A9F5009CE9C8 /* MainMenu.xib */; };
		29F51A9C15F6AA0B009CE9C8 /* FeedViewController.m in Sources */ = {isa = PBXBuildFile; fileRef = 29F51A9A15F6AA0B009CE9C8 /* FeedViewController.m */; };
		29F51ABC15F7893A009CE9C8 /* FeedViewController.xib in Resources */ = {isa = PBXBuildFile; fileRef = 29F51ABB15F7893A009CE9C8 /* FeedViewController.xib */; };
		29F5FE9715F8E8350044BA7B /* UserInformationWindowController.m in Sources */ = {isa = PBXBuildFile; fileRef = 29F5FE9515F8E8350044BA7B /* UserInformationWindowController.m */; };
		29F5FE9A15F8E8410044BA7B /* UserInformationWindow.xib in Resources */ = {isa = PBXBuildFile; fileRef = 29F5FE9915F8E8410044BA7B /* UserInformationWindow.xib */; };
		29FDDE021614DCBA0013BEC6 /* underPageBackground.png in Resources */ = {isa = PBXBuildFile; fileRef = 29FDDE011614DCBA0013BEC6 /* underPageBackground.png */; };
/* End PBXBuildFile section */

/* Begin PBXCopyFilesBuildPhase section */
		29A0D75816132C390006A88C /* CopyFiles */ = {
			isa = PBXCopyFilesBuildPhase;
			buildActionMask = 2147483647;
			dstPath = "";
			dstSubfolderSpec = 10;
			files = (
				29A0D75916132C520006A88C /* Sparkle.framework in CopyFiles */,
			);
			runOnlyForDeploymentPostprocessing = 0;
		};
/* End PBXCopyFilesBuildPhase section */

/* Begin PBXFileReference section */
		2917CF9A161389D4003ED634 /* JButton.h */ = {isa = PBXFileReference; fileEncoding = 4; lastKnownFileType = sourcecode.c.h; path = JButton.h; sourceTree = "<group>"; };
		2917CF9B161389D4003ED634 /* JButton.m */ = {isa = PBXFileReference; fileEncoding = 4; lastKnownFileType = sourcecode.c.objc; path = JButton.m; sourceTree = "<group>"; };
		2959BF491611F099007D6148 /* Helpers.h */ = {isa = PBXFileReference; fileEncoding = 4; lastKnownFileType = sourcecode.c.h; path = Helpers.h; sourceTree = "<group>"; };
		2959BF4A1611F099007D6148 /* Helpers.m */ = {isa = PBXFileReference; fileEncoding = 4; lastKnownFileType = sourcecode.c.objc; path = Helpers.m; sourceTree = "<group>"; };
		2970DCCA15F78C8F0038C54B /* ItemCellView.h */ = {isa = PBXFileReference; fileEncoding = 4; lastKnownFileType = sourcecode.c.h; path = ItemCellView.h; sourceTree = "<group>"; };
		2970DCCB15F78C8F0038C54B /* ItemCellView.m */ = {isa = PBXFileReference; fileEncoding = 4; lastKnownFileType = sourcecode.c.objc; path = ItemCellView.m; sourceTree = "<group>"; };
		2970DCD215F78DF80038C54B /* GravatarHelper.h */ = {isa = PBXFileReference; fileEncoding = 4; lastKnownFileType = sourcecode.c.h; path = GravatarHelper.h; sourceTree = "<group>"; };
		2970DCD315F78DF80038C54B /* GravatarHelper.m */ = {isa = PBXFileReference; fileEncoding = 4; lastKnownFileType = sourcecode.c.objc; path = GravatarHelper.m; sourceTree = "<group>"; };
		2970DCD515F793C20038C54B /* NSDate+RailsDateParser.h */ = {isa = PBXFileReference; fileEncoding = 4; lastKnownFileType = sourcecode.c.h; path = "NSDate+RailsDateParser.h"; sourceTree = "<group>"; };
		2970DCD615F793C20038C54B /* NSDate+RailsDateParser.m */ = {isa = PBXFileReference; fileEncoding = 4; lastKnownFileType = sourcecode.c.objc; path = "NSDate+RailsDateParser.m"; sourceTree = "<group>"; };
		2970DCD815F794050038C54B /* SORelativeDateTransformer.h */ = {isa = PBXFileReference; fileEncoding = 4; lastKnownFileType = sourcecode.c.h; path = SORelativeDateTransformer.h; sourceTree = "<group>"; };
		2970DCD915F794050038C54B /* SORelativeDateTransformer.m */ = {isa = PBXFileReference; fileEncoding = 4; lastKnownFileType = sourcecode.c.objc; path = SORelativeDateTransformer.m; sourceTree = "<group>"; };
		2970DCDA15F794050038C54B /* SORelativeDateTransformer.bundle */ = {isa = PBXFileReference; lastKnownFileType = "wrapper.plug-in"; path = SORelativeDateTransformer.bundle; sourceTree = "<group>"; };
		2970DCEF15F7A3600038C54B /* NSString+BackslashEscape.h */ = {isa = PBXFileReference; fileEncoding = 4; lastKnownFileType = sourcecode.c.h; path = "NSString+BackslashEscape.h"; sourceTree = "<group>"; };
		2970DCF015F7A3600038C54B /* NSString+BackslashEscape.m */ = {isa = PBXFileReference; fileEncoding = 4; lastKnownFileType = sourcecode.c.objc; path = "NSString+BackslashEscape.m"; sourceTree = "<group>"; };
		2970DCF915F7BA520038C54B /* LoginWindow.h */ = {isa = PBXFileReference; fileEncoding = 4; lastKnownFileType = sourcecode.c.h; path = LoginWindow.h; sourceTree = "<group>"; };
		2970DCFA15F7BA520038C54B /* LoginWindow.m */ = {isa = PBXFileReference; fileEncoding = 4; lastKnownFileType = sourcecode.c.objc; path = LoginWindow.m; sourceTree = "<group>"; };
		297B3B4C15F94A340093B5EC /* QuartzCore.framework */ = {isa = PBXFileReference; lastKnownFileType = wrapper.framework; name = QuartzCore.framework; path = System/Library/Frameworks/QuartzCore.framework; sourceTree = SDKROOT; };
		297B3B4F15F94A600093B5EC /* PullToRefreshClipView.h */ = {isa = PBXFileReference; fileEncoding = 4; lastKnownFileType = sourcecode.c.h; path = PullToRefreshClipView.h; sourceTree = "<group>"; };
		297B3B5015F94A600093B5EC /* PullToRefreshClipView.m */ = {isa = PBXFileReference; fileEncoding = 4; lastKnownFileType = sourcecode.c.objc; path = PullToRefreshClipView.m; sourceTree = "<group>"; };
		297B3B5215F94A600093B5EC /* PullToRefreshScrollView.h */ = {isa = PBXFileReference; fileEncoding = 4; lastKnownFileType = sourcecode.c.h; path = PullToRefreshScrollView.h; sourceTree = "<group>"; };
		297B3B5315F94A600093B5EC /* PullToRefreshScrollView.m */ = {isa = PBXFileReference; fileEncoding = 4; lastKnownFileType = sourcecode.c.objc; path = PullToRefreshScrollView.m; sourceTree = "<group>"; };
		297B3B5615F94B650093B5EC /* PullToRefreshDelegate.h */ = {isa = PBXFileReference; fileEncoding = 4; lastKnownFileType = sourcecode.c.h; path = PullToRefreshDelegate.h; sourceTree = "<group>"; };
		2989310A16137DB10022DE7F /* JImageView.h */ = {isa = PBXFileReference; fileEncoding = 4; lastKnownFileType = sourcecode.c.h; path = JImageView.h; sourceTree = "<group>"; };
		2989310B16137DB10022DE7F /* JImageView.m */ = {isa = PBXFileReference; fileEncoding = 4; lastKnownFileType = sourcecode.c.objc; path = JImageView.m; sourceTree = "<group>"; };
		29908EB6161088030088792B /* INAppStoreWindow.h */ = {isa = PBXFileReference; fileEncoding = 4; lastKnownFileType = sourcecode.c.h; path = INAppStoreWindow.h; sourceTree = "<group>"; };
		29908EB7161088030088792B /* INAppStoreWindow.m */ = {isa = PBXFileReference; fileEncoding = 4; lastKnownFileType = sourcecode.c.objc; path = INAppStoreWindow.m; sourceTree = "<group>"; };
		29908EBA16108CA80088792B /* MentionsViewController.h */ = {isa = PBXFileReference; fileEncoding = 4; lastKnownFileType = sourcecode.c.h; path = MentionsViewController.h; sourceTree = "<group>"; };
		29908EBB16108CA80088792B /* MentionsViewController.m */ = {isa = PBXFileReference; fileEncoding = 4; lastKnownFileType = sourcecode.c.objc; path = MentionsViewController.m; sourceTree = "<group>"; };
		29908EBD16108CB90088792B /* MentionsViewController.xib */ = {isa = PBXFileReference; fileEncoding = 4; lastKnownFileType = file.xib; path = MentionsViewController.xib; sourceTree = "<group>"; };
		299BB4F1160E796100898A7C /* loggedIn.aiff */ = {isa = PBXFileReference; lastKnownFileType = audio.aiff; path = loggedIn.aiff; sourceTree = "<group>"; };
		29A0D75516132C0B0006A88C /* Sparkle.framework */ = {isa = PBXFileReference; lastKnownFileType = wrapper.framework; path = Sparkle.framework; sourceTree = "<group>"; };
		29A0D75A16132D1E0006A88C /* dsa_pub.pem */ = {isa = PBXFileReference; fileEncoding = 4; lastKnownFileType = text; path = dsa_pub.pem; sourceTree = "<group>"; };
		29B34B5016192F1D00EF73A9 /* libicucore.dylib */ = {isa = PBXFileReference; lastKnownFileType = "compiled.mach-o.dylib"; name = libicucore.dylib; path = usr/lib/libicucore.dylib; sourceTree = SDKROOT; };
		29C8B7AA161A0C9E00D941AF /* UsersListWindowController.h */ = {isa = PBXFileReference; fileEncoding = 4; lastKnownFileType = sourcecode.c.h; path = UsersListWindowController.h; sourceTree = "<group>"; };
		29C8B7AB161A0C9E00D941AF /* UsersListWindowController.m */ = {isa = PBXFileReference; fileEncoding = 4; lastKnownFileType = sourcecode.c.objc; path = UsersListWindowController.m; sourceTree = "<group>"; };
		29C8B7AE161A0CAB00D941AF /* UsersListWindow.xib */ = {isa = PBXFileReference; fileEncoding = 4; lastKnownFileType = file.xib; path = UsersListWindow.xib; sourceTree = "<group>"; };
		29C8B7B0161A1E7100D941AF /* PostsWindowController.h */ = {isa = PBXFileReference; fileEncoding = 4; lastKnownFileType = sourcecode.c.h; path = PostsWindowController.h; sourceTree = "<group>"; };
		29C8B7B1161A1E7100D941AF /* PostsWindowController.m */ = {isa = PBXFileReference; fileEncoding = 4; lastKnownFileType = sourcecode.c.objc; path = PostsWindowController.m; sourceTree = "<group>"; };
		29C8B7B2161A1E7100D941AF /* PostsWindow.xib */ = {isa = PBXFileReference; fileEncoding = 4; lastKnownFileType = file.xib; path = PostsWindow.xib; sourceTree = "<group>"; };
		29CDE7F9161FC21800353629 /* SelfItemCellView.h */ = {isa = PBXFileReference; fileEncoding = 4; lastKnownFileType = sourcecode.c.h; path = SelfItemCellView.h; sourceTree = "<group>"; };
		29CDE7FA161FC21800353629 /* SelfItemCellView.m */ = {isa = PBXFileReference; fileEncoding = 4; lastKnownFileType = sourcecode.c.objc; path = SelfItemCellView.m; sourceTree = "<group>"; };
		29CDE7FD161FC22A00353629 /* SelfPicCellView.h */ = {isa = PBXFileReference; fileEncoding = 4; lastKnownFileType = sourcecode.c.h; path = SelfPicCellView.h; sourceTree = "<group>"; };
		29CDE7FE161FC22A00353629 /* SelfPicCellView.m */ = {isa = PBXFileReference; fileEncoding = 4; lastKnownFileType = sourcecode.c.objc; path = SelfPicCellView.m; sourceTree = "<group>"; };
		29CDE804161FCCB700353629 /* EditProfileWindowController.h */ = {isa = PBXFileReference; fileEncoding = 4; lastKnownFileType = sourcecode.c.h; path = EditProfileWindowController.h; sourceTree = "<group>"; };
		29CDE805161FCCB700353629 /* EditProfileWindowController.m */ = {isa = PBXFileReference; fileEncoding = 4; lastKnownFileType = sourcecode.c.objc; path = EditProfileWindowController.m; sourceTree = "<group>"; };
		29CDE806161FCCB700353629 /* EditProfileWindowController.xib */ = {isa = PBXFileReference; fileEncoding = 4; lastKnownFileType = file.xib; path = EditProfileWindowController.xib; sourceTree = "<group>"; };
		29D67AB5160F3DCC00EE503D /* FilterNone.png */ = {isa = PBXFileReference; lastKnownFileType = image.png; path = FilterNone.png; sourceTree = "<group>"; };
		29D67AB6160F3DCC00EE503D /* FilterStarred.png */ = {isa = PBXFileReference; lastKnownFileType = image.png; path = FilterStarred.png; sourceTree = "<group>"; };
		29D67AB7160F3DCC00EE503D /* FilterUnread.png */ = {isa = PBXFileReference; lastKnownFileType = image.png; path = FilterUnread.png; sourceTree = "<group>"; };
		29D6BEBC160E6F2900282B2B /* blueLetter.tif */ = {isa = PBXFileReference; lastKnownFileType = image.tiff; path = blueLetter.tif; sourceTree = "<group>"; };
		29D715A3160E499C00E71C00 /* PicCellView.h */ = {isa = PBXFileReference; fileEncoding = 4; lastKnownFileType = sourcecode.c.h; path = PicCellView.h; sourceTree = "<group>"; };
		29D715A4160E499C00E71C00 /* PicCellView.m */ = {isa = PBXFileReference; fileEncoding = 4; lastKnownFileType = sourcecode.c.objc; path = PicCellView.m; sourceTree = "<group>"; };
		29D715AC160E55A400E71C00 /* QuickLook.framework */ = {isa = PBXFileReference; lastKnownFileType = wrapper.framework; name = QuickLook.framework; path = System/Library/Frameworks/QuickLook.framework; sourceTree = SDKROOT; };
		29D715AE160E58FF00E71C00 /* Quartz.framework */ = {isa = PBXFileReference; lastKnownFileType = wrapper.framework; name = Quartz.framework; path = System/Library/Frameworks/Quartz.framework; sourceTree = SDKROOT; };
		29D9F598160D09DE00E80710 /* pull-to-refresh-arrow.png */ = {isa = PBXFileReference; lastKnownFileType = image.png; path = "pull-to-refresh-arrow.png"; sourceTree = "<group>"; };
		29D9F599160D09DE00E80710 /* release-to-refresh.png */ = {isa = PBXFileReference; lastKnownFileType = image.png; path = "release-to-refresh.png"; sourceTree = "<group>"; };
		29E9872B1614BFAF00DA0732 /* UsersViewController.h */ = {isa = PBXFileReference; fileEncoding = 4; lastKnownFileType = sourcecode.c.h; path = UsersViewController.h; sourceTree = "<group>"; };
		29E9872C1614BFAF00DA0732 /* UsersViewController.m */ = {isa = PBXFileReference; fileEncoding = 4; lastKnownFileType = sourcecode.c.objc; path = UsersViewController.m; sourceTree = "<group>"; };
		29E9872F1614BFCF00DA0732 /* UsersViewController.xib */ = {isa = PBXFileReference; fileEncoding = 4; lastKnownFileType = file.xib; path = UsersViewController.xib; sourceTree = "<group>"; };
		29E987311614C03900DA0732 /* UsersCellView.h */ = {isa = PBXFileReference; fileEncoding = 4; lastKnownFileType = sourcecode.c.h; path = UsersCellView.h; sourceTree = "<group>"; };
		29E987321614C03900DA0732 /* UsersCellView.m */ = {isa = PBXFileReference; fileEncoding = 4; lastKnownFileType = sourcecode.c.objc; path = UsersCellView.m; sourceTree = "<group>"; };
		29E9B42F160E970500CDACDA /* ImageCaptureCore.framework */ = {isa = PBXFileReference; lastKnownFileType = wrapper.framework; name = ImageCaptureCore.framework; path = System/Library/Frameworks/ImageCaptureCore.framework; sourceTree = SDKROOT; };
		29EBBB2A15F7C126002221FF /* LoginWindow.xib */ = {isa = PBXFileReference; fileEncoding = 4; lastKnownFileType = file.xib; path = LoginWindow.xib; sourceTree = "<group>"; };
		29EBBB3215F7CFEB002221FF /* Jukaela.icns */ = {isa = PBXFileReference; lastKnownFileType = image.icns; path = Jukaela.icns; sourceTree = "<group>"; };
		29EBBB3415F7D4EB002221FF /* PreferencesWindow.h */ = {isa = PBXFileReference; fileEncoding = 4; lastKnownFileType = sourcecode.c.h; path = PreferencesWindow.h; sourceTree = "<group>"; };
		29EBBB3515F7D4EB002221FF /* PreferencesWindow.m */ = {isa = PBXFileReference; fileEncoding = 4; lastKnownFileType = sourcecode.c.objc; path = PreferencesWindow.m; sourceTree = "<group>"; };
		29EBBB3715F7D4FC002221FF /* PreferencesWindow.xib */ = {isa = PBXFileReference; fileEncoding = 4; lastKnownFileType = file.xib; path = PreferencesWindow.xib; sourceTree = "<group>"; };
		29EBBB3915F7DA26002221FF /* Social.framework */ = {isa = PBXFileReference; lastKnownFileType = wrapper.framework; name = Social.framework; path = System/Library/Frameworks/Social.framework; sourceTree = SDKROOT; };
		29EBBB3B15F7DA3B002221FF /* Accounts.framework */ = {isa = PBXFileReference; lastKnownFileType = wrapper.framework; name = Accounts.framework; path = System/Library/Frameworks/Accounts.framework; sourceTree = SDKROOT; };
		29F4CED9160E401300174AF6 /* TMHTTPClient.h */ = {isa = PBXFileReference; fileEncoding = 4; lastKnownFileType = sourcecode.c.h; path = TMHTTPClient.h; sourceTree = "<group>"; };
		29F4CEDA160E401300174AF6 /* TMHTTPClient.m */ = {isa = PBXFileReference; fileEncoding = 4; lastKnownFileType = sourcecode.c.objc; path = TMHTTPClient.m; sourceTree = "<group>"; };
		29F4CEDB160E401300174AF6 /* TMHTTPRequest.h */ = {isa = PBXFileReference; fileEncoding = 4; lastKnownFileType = sourcecode.c.h; path = TMHTTPRequest.h; sourceTree = "<group>"; };
		29F4CEDC160E401300174AF6 /* TMHTTPRequest.m */ = {isa = PBXFileReference; fileEncoding = 4; lastKnownFileType = sourcecode.c.objc; path = TMHTTPRequest.m; sourceTree = "<group>"; };
		29F4CEDD160E401300174AF6 /* TMImgurUploader.h */ = {isa = PBXFileReference; fileEncoding = 4; lastKnownFileType = sourcecode.c.h; path = TMImgurUploader.h; sourceTree = "<group>"; };
		29F4CEDE160E401300174AF6 /* TMImgurUploader.m */ = {isa = PBXFileReference; fileEncoding = 4; lastKnownFileType = sourcecode.c.objc; path = TMImgurUploader.m; sourceTree = "<group>"; };
		29F51A7815F6A9F4009CE9C8 /* Jukaela.app */ = {isa = PBXFileReference; explicitFileType = wrapper.application; includeInIndex = 0; path = Jukaela.app; sourceTree = BUILT_PRODUCTS_DIR; };
		29F51A7C15F6A9F4009CE9C8 /* Cocoa.framework */ = {isa = PBXFileReference; lastKnownFileType = wrapper.framework; name = Cocoa.framework; path = System/Library/Frameworks/Cocoa.framework; sourceTree = SDKROOT; };
		29F51A7F15F6A9F4009CE9C8 /* AppKit.framework */ = {isa = PBXFileReference; lastKnownFileType = wrapper.framework; name = AppKit.framework; path = System/Library/Frameworks/AppKit.framework; sourceTree = SDKROOT; };
		29F51A8015F6A9F4009CE9C8 /* CoreData.framework */ = {isa = PBXFileReference; lastKnownFileType = wrapper.framework; name = CoreData.framework; path = System/Library/Frameworks/CoreData.framework; sourceTree = SDKROOT; };
		29F51A8115F6A9F4009CE9C8 /* Foundation.framework */ = {isa = PBXFileReference; lastKnownFileType = wrapper.framework; name = Foundation.framework; path = System/Library/Frameworks/Foundation.framework; sourceTree = SDKROOT; };
		29F51A8415F6A9F4009CE9C8 /* Jukaela-Info.plist */ = {isa = PBXFileReference; lastKnownFileType = text.plist.xml; path = "Jukaela-Info.plist"; sourceTree = "<group>"; };
		29F51A8615F6A9F4009CE9C8 /* en */ = {isa = PBXFileReference; lastKnownFileType = text.plist.strings; name = en; path = en.lproj/InfoPlist.strings; sourceTree = "<group>"; };
		29F51A8815F6A9F4009CE9C8 /* main.m */ = {isa = PBXFileReference; lastKnownFileType = sourcecode.c.objc; path = main.m; sourceTree = "<group>"; };
		29F51A8A15F6A9F4009CE9C8 /* Jukaela-Prefix.pch */ = {isa = PBXFileReference; lastKnownFileType = sourcecode.c.h; path = "Jukaela-Prefix.pch"; sourceTree = "<group>"; };
		29F51A8C15F6A9F4009CE9C8 /* en */ = {isa = PBXFileReference; lastKnownFileType = text.rtf; name = en; path = en.lproj/Credits.rtf; sourceTree = "<group>"; };
		29F51A8E15F6A9F4009CE9C8 /* AppDelegate.h */ = {isa = PBXFileReference; lastKnownFileType = sourcecode.c.h; path = AppDelegate.h; sourceTree = "<group>"; };
		29F51A8F15F6A9F4009CE9C8 /* AppDelegate.m */ = {isa = PBXFileReference; lastKnownFileType = sourcecode.c.objc; path = AppDelegate.m; sourceTree = "<group>"; };
		29F51A9215F6A9F5009CE9C8 /* en */ = {isa = PBXFileReference; lastKnownFileType = file.xib; name = en; path = en.lproj/MainMenu.xib; sourceTree = "<group>"; };
		29F51A9915F6AA0B009CE9C8 /* FeedViewController.h */ = {isa = PBXFileReference; fileEncoding = 4; lastKnownFileType = sourcecode.c.h; path = FeedViewController.h; sourceTree = "<group>"; };
		29F51A9A15F6AA0B009CE9C8 /* FeedViewController.m */ = {isa = PBXFileReference; fileEncoding = 4; lastKnownFileType = sourcecode.c.objc; path = FeedViewController.m; sourceTree = "<group>"; };
		29F51AA515F6ADAB009CE9C8 /* Constants.h */ = {isa = PBXFileReference; lastKnownFileType = sourcecode.c.h; path = Constants.h; sourceTree = "<group>"; };
		29F51ABB15F7893A009CE9C8 /* FeedViewController.xib */ = {isa = PBXFileReference; fileEncoding = 4; lastKnownFileType = file.xib; path = FeedViewController.xib; sourceTree = "<group>"; };
		29F5FE9415F8E8350044BA7B /* UserInformationWindowController.h */ = {isa = PBXFileReference; fileEncoding = 4; lastKnownFileType = sourcecode.c.h; path = UserInformationWindowController.h; sourceTree = "<group>"; };
		29F5FE9515F8E8350044BA7B /* UserInformationWindowController.m */ = {isa = PBXFileReference; fileEncoding = 4; lastKnownFileType = sourcecode.c.objc; path = UserInformationWindowController.m; sourceTree = "<group>"; };
		29F5FE9915F8E8410044BA7B /* UserInformationWindow.xib */ = {isa = PBXFileReference; fileEncoding = 4; lastKnownFileType = file.xib; path = UserInformationWindow.xib; sourceTree = "<group>"; };
		29FDDE011614DCBA0013BEC6 /* underPageBackground.png */ = {isa = PBXFileReference; lastKnownFileType = image.png; path = underPageBackground.png; sourceTree = "<group>"; };
/* End PBXFileReference section */

/* Begin PBXFrameworksBuildPhase section */
		29F51A7515F6A9F4009CE9C8 /* Frameworks */ = {
			isa = PBXFrameworksBuildPhase;
			buildActionMask = 2147483647;
			files = (
				29D715AF160E58FF00E71C00 /* Quartz.framework in Frameworks */,
				29D715AD160E55A400E71C00 /* QuickLook.framework in Frameworks */,
				297B3B4D15F94A340093B5EC /* QuartzCore.framework in Frameworks */,
				29EBBB3C15F7DA3B002221FF /* Accounts.framework in Frameworks */,
				29EBBB3A15F7DA26002221FF /* Social.framework in Frameworks */,
				29F51A7D15F6A9F4009CE9C8 /* Cocoa.framework in Frameworks */,
				29A0D75616132C0B0006A88C /* Sparkle.framework in Frameworks */,
			);
			runOnlyForDeploymentPostprocessing = 0;
		};
/* End PBXFrameworksBuildPhase section */

/* Begin PBXGroup section */
		2970DCF215F7A57B0038C54B /* Custom Classes */ = {
			isa = PBXGroup;
			children = (
				2917CF9A161389D4003ED634 /* JButton.h */,
				2917CF9B161389D4003ED634 /* JButton.m */,
				2989310A16137DB10022DE7F /* JImageView.h */,
				2989310B16137DB10022DE7F /* JImageView.m */,
				29A0D1EC1613C1B20082C9F8 /* App Store Window */,
				29F4CEE4160E401700174AF6 /* TM Stuff */,
				29A0D1E61613C1530082C9F8 /* PullToRefresh */,
				29A0D1EB1613C1AA0082C9F8 /* Relative Date */,
				29A0D1E81613C1690082C9F8 /* Catagories */,
				29A0D1E91613C1730082C9F8 /* Gravatar */,
			);
			name = "Custom Classes";
			sourceTree = "<group>";
		};
		29A0D1E61613C1530082C9F8 /* PullToRefresh */ = {
			isa = PBXGroup;
			children = (
				297B3B5615F94B650093B5EC /* PullToRefreshDelegate.h */,
				297B3B4F15F94A600093B5EC /* PullToRefreshClipView.h */,
				297B3B5015F94A600093B5EC /* PullToRefreshClipView.m */,
				297B3B5215F94A600093B5EC /* PullToRefreshScrollView.h */,
				297B3B5315F94A600093B5EC /* PullToRefreshScrollView.m */,
			);
			name = PullToRefresh;
			sourceTree = "<group>";
		};
		29A0D1E71613C15C0082C9F8 /* Tableview Cells */ = {
			isa = PBXGroup;
			children = (
				2970DCCA15F78C8F0038C54B /* ItemCellView.h */,
				2970DCCB15F78C8F0038C54B /* ItemCellView.m */,
				29D715A3160E499C00E71C00 /* PicCellView.h */,
				29D715A4160E499C00E71C00 /* PicCellView.m */,
				29E987311614C03900DA0732 /* UsersCellView.h */,
				29E987321614C03900DA0732 /* UsersCellView.m */,
				29CDE7F9161FC21800353629 /* SelfItemCellView.h */,
				29CDE7FA161FC21800353629 /* SelfItemCellView.m */,
				29CDE7FD161FC22A00353629 /* SelfPicCellView.h */,
				29CDE7FE161FC22A00353629 /* SelfPicCellView.m */,
			);
			name = "Tableview Cells";
			sourceTree = "<group>";
		};
		29A0D1E81613C1690082C9F8 /* Catagories */ = {
			isa = PBXGroup;
			children = (
				2970DCEF15F7A3600038C54B /* NSString+BackslashEscape.h */,
				2970DCF015F7A3600038C54B /* NSString+BackslashEscape.m */,
				2970DCD515F793C20038C54B /* NSDate+RailsDateParser.h */,
				2970DCD615F793C20038C54B /* NSDate+RailsDateParser.m */,
			);
			name = Catagories;
			sourceTree = "<group>";
		};
		29A0D1E91613C1730082C9F8 /* Gravatar */ = {
			isa = PBXGroup;
			children = (
				2970DCD215F78DF80038C54B /* GravatarHelper.h */,
				2970DCD315F78DF80038C54B /* GravatarHelper.m */,
			);
			name = Gravatar;
			sourceTree = "<group>";
		};
		29A0D1EA1613C1830082C9F8 /* Artwork */ = {
			isa = PBXGroup;
			children = (
				29FDDE011614DCBA0013BEC6 /* underPageBackground.png */,
				29D67AB5160F3DCC00EE503D /* FilterNone.png */,
				29D67AB6160F3DCC00EE503D /* FilterStarred.png */,
				29D67AB7160F3DCC00EE503D /* FilterUnread.png */,
				29D6BEBC160E6F2900282B2B /* blueLetter.tif */,
				29D9F598160D09DE00E80710 /* pull-to-refresh-arrow.png */,
				29D9F599160D09DE00E80710 /* release-to-refresh.png */,
			);
			name = Artwork;
			sourceTree = "<group>";
		};
		29A0D1EB1613C1AA0082C9F8 /* Relative Date */ = {
			isa = PBXGroup;
			children = (
				2970DCD815F794050038C54B /* SORelativeDateTransformer.h */,
				2970DCD915F794050038C54B /* SORelativeDateTransformer.m */,
				2970DCDA15F794050038C54B /* SORelativeDateTransformer.bundle */,
			);
			name = "Relative Date";
			sourceTree = "<group>";
		};
		29A0D1EC1613C1B20082C9F8 /* App Store Window */ = {
			isa = PBXGroup;
			children = (
				29908EB6161088030088792B /* INAppStoreWindow.h */,
				29908EB7161088030088792B /* INAppStoreWindow.m */,
			);
			name = "App Store Window";
			sourceTree = "<group>";
		};
		29F4CEE4160E401700174AF6 /* TM Stuff */ = {
			isa = PBXGroup;
			children = (
				29F4CED9160E401300174AF6 /* TMHTTPClient.h */,
				29F4CEDA160E401300174AF6 /* TMHTTPClient.m */,
				29F4CEDB160E401300174AF6 /* TMHTTPRequest.h */,
				29F4CEDC160E401300174AF6 /* TMHTTPRequest.m */,
				29F4CEDD160E401300174AF6 /* TMImgurUploader.h */,
				29F4CEDE160E401300174AF6 /* TMImgurUploader.m */,
			);
			name = "TM Stuff";
			sourceTree = "<group>";
		};
		29F51A6D15F6A9F4009CE9C8 = {
			isa = PBXGroup;
			children = (
				29B34B5016192F1D00EF73A9 /* libicucore.dylib */,
				29EBBB3215F7CFEB002221FF /* Jukaela.icns */,
				29F51A8215F6A9F4009CE9C8 /* Jukaela Social */,
				29F51A7B15F6A9F4009CE9C8 /* Frameworks */,
				29F51A7915F6A9F4009CE9C8 /* Products */,
			);
			sourceTree = "<group>";
		};
		29F51A7915F6A9F4009CE9C8 /* Products */ = {
			isa = PBXGroup;
			children = (
				29F51A7815F6A9F4009CE9C8 /* Jukaela.app */,
			);
			name = Products;
			sourceTree = "<group>";
		};
		29F51A7B15F6A9F4009CE9C8 /* Frameworks */ = {
			isa = PBXGroup;
			children = (
				29A0D75516132C0B0006A88C /* Sparkle.framework */,
				29E9B42F160E970500CDACDA /* ImageCaptureCore.framework */,
				29D715AE160E58FF00E71C00 /* Quartz.framework */,
				29D715AC160E55A400E71C00 /* QuickLook.framework */,
				297B3B4C15F94A340093B5EC /* QuartzCore.framework */,
				29EBBB3B15F7DA3B002221FF /* Accounts.framework */,
				29EBBB3915F7DA26002221FF /* Social.framework */,
				29F51A7C15F6A9F4009CE9C8 /* Cocoa.framework */,
				29F51A7E15F6A9F4009CE9C8 /* Other Frameworks */,
			);
			name = Frameworks;
			sourceTree = "<group>";
		};
		29F51A7E15F6A9F4009CE9C8 /* Other Frameworks */ = {
			isa = PBXGroup;
			children = (
				29F51A7F15F6A9F4009CE9C8 /* AppKit.framework */,
				29F51A8015F6A9F4009CE9C8 /* CoreData.framework */,
				29F51A8115F6A9F4009CE9C8 /* Foundation.framework */,
			);
			name = "Other Frameworks";
			sourceTree = "<group>";
		};
		29F51A8215F6A9F4009CE9C8 /* Jukaela Social */ = {
			isa = PBXGroup;
			children = (
				29F51AA015F6AB11009CE9C8 /* Singletons */,
				29F51A9F15F6AB0C009CE9C8 /* Controllers */,
				29F51A9E15F6AB05009CE9C8 /* User Interface */,
				2970DCF215F7A57B0038C54B /* Custom Classes */,
				29F51A8315F6A9F4009CE9C8 /* Supporting Files */,
			);
			path = "Jukaela Social";
			sourceTree = "<group>";
		};
		29F51A8315F6A9F4009CE9C8 /* Supporting Files */ = {
			isa = PBXGroup;
			children = (
				29A0D1EA1613C1830082C9F8 /* Artwork */,
				29A0D75A16132D1E0006A88C /* dsa_pub.pem */,
				299BB4F1160E796100898A7C /* loggedIn.aiff */,
				29F51A8415F6A9F4009CE9C8 /* Jukaela-Info.plist */,
				29F51A8515F6A9F4009CE9C8 /* InfoPlist.strings */,
				29F51A8815F6A9F4009CE9C8 /* main.m */,
				29F51A8A15F6A9F4009CE9C8 /* Jukaela-Prefix.pch */,
				29F51A8B15F6A9F4009CE9C8 /* Credits.rtf */,
			);
			name = "Supporting Files";
			sourceTree = "<group>";
		};
		29F51A9E15F6AB05009CE9C8 /* User Interface */ = {
			isa = PBXGroup;
			children = (
				29CDE806161FCCB700353629 /* EditProfileWindowController.xib */,
				29F51ABB15F7893A009CE9C8 /* FeedViewController.xib */,
				29EBBB2A15F7C126002221FF /* LoginWindow.xib */,
				29F51A9115F6A9F5009CE9C8 /* MainMenu.xib */,
				29908EBD16108CB90088792B /* MentionsViewController.xib */,
				29C8B7B2161A1E7100D941AF /* PostsWindow.xib */,
				29EBBB3715F7D4FC002221FF /* PreferencesWindow.xib */,
				29F5FE9915F8E8410044BA7B /* UserInformationWindow.xib */,
				29C8B7AE161A0CAB00D941AF /* UsersListWindow.xib */,
				29E9872F1614BFCF00DA0732 /* UsersViewController.xib */,
			);
			name = "User Interface";
			sourceTree = "<group>";
		};
		29F51A9F15F6AB0C009CE9C8 /* Controllers */ = {
			isa = PBXGroup;
			children = (
				29F5FE9215F8E4940044BA7B /* View Controllers */,
				29F5FE9315F8E49A0044BA7B /* Window Controllers */,
				29A0D1E71613C15C0082C9F8 /* Tableview Cells */,
			);
			name = Controllers;
			sourceTree = "<group>";
		};
		29F51AA015F6AB11009CE9C8 /* Singletons */ = {
			isa = PBXGroup;
			children = (
				2959BF491611F099007D6148 /* Helpers.h */,
				2959BF4A1611F099007D6148 /* Helpers.m */,
				29F51A8E15F6A9F4009CE9C8 /* AppDelegate.h */,
				29F51A8F15F6A9F4009CE9C8 /* AppDelegate.m */,
				29F51AA515F6ADAB009CE9C8 /* Constants.h */,
			);
			name = Singletons;
			sourceTree = "<group>";
		};
		29F5FE9215F8E4940044BA7B /* View Controllers */ = {
			isa = PBXGroup;
			children = (
				29F51A9915F6AA0B009CE9C8 /* FeedViewController.h */,
				29F51A9A15F6AA0B009CE9C8 /* FeedViewController.m */,
				29908EBA16108CA80088792B /* MentionsViewController.h */,
				29908EBB16108CA80088792B /* MentionsViewController.m */,
				29E9872B1614BFAF00DA0732 /* UsersViewController.h */,
				29E9872C1614BFAF00DA0732 /* UsersViewController.m */,
			);
			name = "View Controllers";
			sourceTree = "<group>";
		};
		29F5FE9315F8E49A0044BA7B /* Window Controllers */ = {
			isa = PBXGroup;
			children = (
				2970DCF915F7BA520038C54B /* LoginWindow.h */,
				2970DCFA15F7BA520038C54B /* LoginWindow.m */,
				29C8B7B0161A1E7100D941AF /* PostsWindowController.h */,
				29C8B7B1161A1E7100D941AF /* PostsWindowController.m */,
				29EBBB3415F7D4EB002221FF /* PreferencesWindow.h */,
				29EBBB3515F7D4EB002221FF /* PreferencesWindow.m */,
				29F5FE9415F8E8350044BA7B /* UserInformationWindowController.h */,
				29F5FE9515F8E8350044BA7B /* UserInformationWindowController.m */,
				29C8B7AA161A0C9E00D941AF /* UsersListWindowController.h */,
				29C8B7AB161A0C9E00D941AF /* UsersListWindowController.m */,
				29CDE804161FCCB700353629 /* EditProfileWindowController.h */,
				29CDE805161FCCB700353629 /* EditProfileWindowController.m */,
			);
			name = "Window Controllers";
			sourceTree = "<group>";
		};
/* End PBXGroup section */

/* Begin PBXNativeTarget section */
		29F51A7715F6A9F4009CE9C8 /* Jukaela */ = {
			isa = PBXNativeTarget;
			buildConfigurationList = 29F51A9615F6A9F5009CE9C8 /* Build configuration list for PBXNativeTarget "Jukaela" */;
			buildPhases = (
				29F51A7415F6A9F4009CE9C8 /* Sources */,
				29F51A7515F6A9F4009CE9C8 /* Frameworks */,
				29F51A7615F6A9F4009CE9C8 /* Resources */,
				29A0D75816132C390006A88C /* CopyFiles */,
			);
			buildRules = (
			);
			dependencies = (
			);
			name = Jukaela;
			productName = "Jukaela Social";
			productReference = 29F51A7815F6A9F4009CE9C8 /* Jukaela.app */;
			productType = "com.apple.product-type.application";
		};
/* End PBXNativeTarget section */

/* Begin PBXProject section */
		29F51A6F15F6A9F4009CE9C8 /* Project object */ = {
			isa = PBXProject;
			attributes = {
				LastUpgradeCheck = 0450;
				ORGANIZATIONNAME = "Jukaela Enterprises";
			};
			buildConfigurationList = 29F51A7215F6A9F4009CE9C8 /* Build configuration list for PBXProject "Jukaela" */;
			compatibilityVersion = "Xcode 3.2";
			developmentRegion = English;
			hasScannedForEncodings = 0;
			knownRegions = (
				en,
			);
			mainGroup = 29F51A6D15F6A9F4009CE9C8;
			productRefGroup = 29F51A7915F6A9F4009CE9C8 /* Products */;
			projectDirPath = "";
			projectRoot = "";
			targets = (
				29F51A7715F6A9F4009CE9C8 /* Jukaela */,
			);
		};
/* End PBXProject section */

/* Begin PBXResourcesBuildPhase section */
		29F51A7615F6A9F4009CE9C8 /* Resources */ = {
			isa = PBXResourcesBuildPhase;
			buildActionMask = 2147483647;
			files = (
				29F51A8715F6A9F4009CE9C8 /* InfoPlist.strings in Resources */,
				29F51A8D15F6A9F4009CE9C8 /* Credits.rtf in Resources */,
				29F51A9315F6A9F5009CE9C8 /* MainMenu.xib in Resources */,
				29F51ABC15F7893A009CE9C8 /* FeedViewController.xib in Resources */,
				2970DCDC15F794050038C54B /* SORelativeDateTransformer.bundle in Resources */,
				29EBBB2B15F7C126002221FF /* LoginWindow.xib in Resources */,
				29EBBB3315F7CFEB002221FF /* Jukaela.icns in Resources */,
				29EBBB3815F7D4FC002221FF /* PreferencesWindow.xib in Resources */,
				29F5FE9A15F8E8410044BA7B /* UserInformationWindow.xib in Resources */,
				29D9F59A160D09DE00E80710 /* pull-to-refresh-arrow.png in Resources */,
				29D9F59B160D09DE00E80710 /* release-to-refresh.png in Resources */,
				29D6BEBD160E6F2900282B2B /* blueLetter.tif in Resources */,
				299BB4F2160E796100898A7C /* loggedIn.aiff in Resources */,
				29D67AB8160F3DCC00EE503D /* FilterNone.png in Resources */,
				29D67AB9160F3DCC00EE503D /* FilterStarred.png in Resources */,
				29D67ABA160F3DCC00EE503D /* FilterUnread.png in Resources */,
				29908EBE16108CB90088792B /* MentionsViewController.xib in Resources */,
				29A0D75B16132D1E0006A88C /* dsa_pub.pem in Resources */,
				29E987301614BFCF00DA0732 /* UsersViewController.xib in Resources */,
				29FDDE021614DCBA0013BEC6 /* underPageBackground.png in Resources */,
				29C8B7AF161A0CAB00D941AF /* UsersListWindow.xib in Resources */,
				29C8B7B4161A1E7100D941AF /* PostsWindow.xib in Resources */,
				29CDE808161FCCB700353629 /* EditProfileWindowController.xib in Resources */,
			);
			runOnlyForDeploymentPostprocessing = 0;
		};
/* End PBXResourcesBuildPhase section */

/* Begin PBXSourcesBuildPhase section */
		29F51A7415F6A9F4009CE9C8 /* Sources */ = {
			isa = PBXSourcesBuildPhase;
			buildActionMask = 2147483647;
			files = (
				29F51A8915F6A9F4009CE9C8 /* main.m in Sources */,
				29F51A9015F6A9F4009CE9C8 /* AppDelegate.m in Sources */,
				29F51A9C15F6AA0B009CE9C8 /* FeedViewController.m in Sources */,
				2970DCCC15F78C8F0038C54B /* ItemCellView.m in Sources */,
				2970DCD415F78DF80038C54B /* GravatarHelper.m in Sources */,
				2970DCD715F793C20038C54B /* NSDate+RailsDateParser.m in Sources */,
				2970DCDB15F794050038C54B /* SORelativeDateTransformer.m in Sources */,
				2970DCF115F7A3610038C54B /* NSString+BackslashEscape.m in Sources */,
				2970DCFB15F7BA520038C54B /* LoginWindow.m in Sources */,
				29EBBB3615F7D4EB002221FF /* PreferencesWindow.m in Sources */,
				29F5FE9715F8E8350044BA7B /* UserInformationWindowController.m in Sources */,
				297B3B5415F94A600093B5EC /* PullToRefreshClipView.m in Sources */,
				297B3B5515F94A600093B5EC /* PullToRefreshScrollView.m in Sources */,
				29F4CEE0160E401300174AF6 /* TMHTTPClient.m in Sources */,
				29F4CEE1160E401300174AF6 /* TMHTTPRequest.m in Sources */,
				29F4CEE2160E401300174AF6 /* TMImgurUploader.m in Sources */,
				29D715A5160E499C00E71C00 /* PicCellView.m in Sources */,
				29908EB8161088030088792B /* INAppStoreWindow.m in Sources */,
				29908EBC16108CA80088792B /* MentionsViewController.m in Sources */,
				2959BF4B1611F099007D6148 /* Helpers.m in Sources */,
				2989310C16137DB10022DE7F /* JImageView.m in Sources */,
				2917CF9C161389D4003ED634 /* JButton.m in Sources */,
				29E9872D1614BFAF00DA0732 /* UsersViewController.m in Sources */,
				29E987331614C03900DA0732 /* UsersCellView.m in Sources */,
				29C8B7AC161A0C9E00D941AF /* UsersListWindowController.m in Sources */,
				29C8B7B3161A1E7100D941AF /* PostsWindowController.m in Sources */,
				29CDE7FB161FC21800353629 /* SelfItemCellView.m in Sources */,
				29CDE7FF161FC22A00353629 /* SelfPicCellView.m in Sources */,
				29CDE807161FCCB700353629 /* EditProfileWindowController.m in Sources */,
			);
			runOnlyForDeploymentPostprocessing = 0;
		};
/* End PBXSourcesBuildPhase section */

/* Begin PBXVariantGroup section */
		29F51A8515F6A9F4009CE9C8 /* InfoPlist.strings */ = {
			isa = PBXVariantGroup;
			children = (
				29F51A8615F6A9F4009CE9C8 /* en */,
			);
			name = InfoPlist.strings;
			sourceTree = "<group>";
		};
		29F51A8B15F6A9F4009CE9C8 /* Credits.rtf */ = {
			isa = PBXVariantGroup;
			children = (
				29F51A8C15F6A9F4009CE9C8 /* en */,
			);
			name = Credits.rtf;
			sourceTree = "<group>";
		};
		29F51A9115F6A9F5009CE9C8 /* MainMenu.xib */ = {
			isa = PBXVariantGroup;
			children = (
				29F51A9215F6A9F5009CE9C8 /* en */,
			);
			name = MainMenu.xib;
			sourceTree = "<group>";
		};
/* End PBXVariantGroup section */

/* Begin XCBuildConfiguration section */
		29F51A9415F6A9F5009CE9C8 /* Debug */ = {
			isa = XCBuildConfiguration;
			buildSettings = {
				ALWAYS_SEARCH_USER_PATHS = NO;
				ARCHS = "$(ARCHS_STANDARD_64_BIT)";
				CLANG_CXX_LANGUAGE_STANDARD = "gnu++0x";
				CLANG_CXX_LIBRARY = "libc++";
				CLANG_ENABLE_OBJC_ARC = YES;
				CLANG_WARN__DUPLICATE_METHOD_MATCH = YES;
				COPY_PHASE_STRIP = NO;
				GCC_C_LANGUAGE_STANDARD = gnu99;
				GCC_DYNAMIC_NO_PIC = NO;
				GCC_ENABLE_OBJC_EXCEPTIONS = YES;
				GCC_OPTIMIZATION_LEVEL = 0;
				GCC_PREPROCESSOR_DEFINITIONS = (
					"DEBUG=1",
					"$(inherited)",
				);
				GCC_SYMBOLS_PRIVATE_EXTERN = NO;
				GCC_WARN_64_TO_32_BIT_CONVERSION = YES;
				GCC_WARN_ABOUT_RETURN_TYPE = YES;
				GCC_WARN_UNINITIALIZED_AUTOS = YES;
				GCC_WARN_UNUSED_VARIABLE = YES;
				MACOSX_DEPLOYMENT_TARGET = 10.8;
				ONLY_ACTIVE_ARCH = YES;
				SDKROOT = macosx;
			};
			name = Debug;
		};
		29F51A9515F6A9F5009CE9C8 /* Release */ = {
			isa = XCBuildConfiguration;
			buildSettings = {
				ALWAYS_SEARCH_USER_PATHS = NO;
				ARCHS = "$(ARCHS_STANDARD_64_BIT)";
				CLANG_CXX_LANGUAGE_STANDARD = "gnu++0x";
				CLANG_CXX_LIBRARY = "libc++";
				CLANG_ENABLE_OBJC_ARC = YES;
				CLANG_WARN__DUPLICATE_METHOD_MATCH = YES;
				COPY_PHASE_STRIP = YES;
				DEBUG_INFORMATION_FORMAT = "dwarf-with-dsym";
				GCC_C_LANGUAGE_STANDARD = gnu99;
				GCC_ENABLE_OBJC_EXCEPTIONS = YES;
				GCC_WARN_64_TO_32_BIT_CONVERSION = YES;
				GCC_WARN_ABOUT_RETURN_TYPE = YES;
				GCC_WARN_UNINITIALIZED_AUTOS = YES;
				GCC_WARN_UNUSED_VARIABLE = YES;
				MACOSX_DEPLOYMENT_TARGET = 10.8;
				SDKROOT = macosx;
			};
			name = Release;
		};
		29F51A9715F6A9F5009CE9C8 /* Debug */ = {
			isa = XCBuildConfiguration;
			buildSettings = {
				COMBINE_HIDPI_IMAGES = YES;
				FRAMEWORK_SEARCH_PATHS = (
					"$(inherited)",
					"\"$(SRCROOT)\"",
				);
				GCC_PRECOMPILE_PREFIX_HEADER = NO;
				GCC_PREFIX_HEADER = "Jukaela Social/Jukaela-Prefix.pch";
				GCC_WARN_64_TO_32_BIT_CONVERSION = NO;
				INFOPLIST_FILE = "Jukaela Social/Jukaela-Info.plist";
				PRODUCT_NAME = Jukaela;
				WRAPPER_EXTENSION = app;
			};
			name = Debug;
		};
		29F51A9815F6A9F5009CE9C8 /* Release */ = {
			isa = XCBuildConfiguration;
			buildSettings = {
				COMBINE_HIDPI_IMAGES = YES;
				FRAMEWORK_SEARCH_PATHS = (
					"$(inherited)",
					"\"$(SRCROOT)\"",
				);
				GCC_PRECOMPILE_PREFIX_HEADER = NO;
				GCC_PREFIX_HEADER = "Jukaela Social/Jukaela-Prefix.pch";
				GCC_WARN_64_TO_32_BIT_CONVERSION = NO;
				INFOPLIST_FILE = "Jukaela Social/Jukaela-Info.plist";
				PRODUCT_NAME = Jukaela;
				WRAPPER_EXTENSION = app;
			};
			name = Release;
		};
/* End XCBuildConfiguration section */

/* Begin XCConfigurationList section */
		29F51A7215F6A9F4009CE9C8 /* Build configuration list for PBXProject "Jukaela" */ = {
			isa = XCConfigurationList;
			buildConfigurations = (
				29F51A9415F6A9F5009CE9C8 /* Debug */,
				29F51A9515F6A9F5009CE9C8 /* Release */,
			);
			defaultConfigurationIsVisible = 0;
			defaultConfigurationName = Release;
		};
		29F51A9615F6A9F5009CE9C8 /* Build configuration list for PBXNativeTarget "Jukaela" */ = {
			isa = XCConfigurationList;
			buildConfigurations = (
				29F51A9715F6A9F5009CE9C8 /* Debug */,
				29F51A9815F6A9F5009CE9C8 /* Release */,
			);
			defaultConfigurationIsVisible = 0;
			defaultConfigurationName = Release;
		};
/* End XCConfigurationList section */
	};
	rootObject = 29F51A6F15F6A9F4009CE9C8 /* Project object */;
}
